
Microsoft Visual Studio Solution File, Format Version 12.00
# Visual Studio 15
VisualStudioVersion = 15.0.27004.2009
MinimumVisualStudioVersion = 10.0.40219.1
Project("{8BC9CEB8-8B4A-11D0-8D11-00A0C91BC942}") = "Encoder", "Encoder\Encoder.vcxproj", "{0002670D-82FB-4EAB-B1CF-011E7F5184F5}"
EndProject
Project("{8BC9CEB8-8B4A-11D0-8D11-00A0C91BC942}") = "Decoder", "Decoder\Decoder.vcxproj", "{1005963C-A299-46AC-800F-FE9C5266E280}"
EndProject
Project("{8BC9CEB8-8B4A-11D0-8D11-00A0C91BC942}") = "RateEncoder", "RateEncoder\RateEncoder.vcxproj", "{DB0AF23E-72EB-4296-A9C6-BB5E88386233}"
EndProject
Project("{8BC9CEB8-8B4A-11D0-8D11-00A0C91BC942}") = "RateDecoder", "RateDecoder\RateDecoder.vcxproj", "{09398723-9CA6-4D2E-958D-AED860F85C29}"
EndProject
Project("{8BC9CEB8-8B4A-11D0-8D11-00A0C91BC942}") = "SortedEncoder", "SortedEncoder\SortedEncoder.vcxproj", "{10B7F741-A79F-467F-A406-46DAD4C79823}"
EndProject
Project("{8BC9CEB8-8B4A-11D0-8D11-00A0C91BC942}") = "SortedDecoder", "SortedDecoder\SortedDecoder.vcxproj", "{C24829AD-36C6-473B-A84E-46E725B2BA0C}"
EndProject
Global
	GlobalSection(SolutionConfigurationPlatforms) = preSolution
		Debug|x64 = Debug|x64
		Debug|x86 = Debug|x86
		Release|x64 = Release|x64
		Release|x86 = Release|x86
	EndGlobalSection
	GlobalSection(ProjectConfigurationPlatforms) = postSolution
		{0002670D-82FB-4EAB-B1CF-011E7F5184F5}.Debug|x64.ActiveCfg = Debug|x64
		{0002670D-82FB-4EAB-B1CF-011E7F5184F5}.Debug|x64.Build.0 = Debug|x64
		{0002670D-82FB-4EAB-B1CF-011E7F5184F5}.Debug|x86.ActiveCfg = Debug|Win32
		{0002670D-82FB-4EAB-B1CF-011E7F5184F5}.Debug|x86.Build.0 = Debug|Win32
		{0002670D-82FB-4EAB-B1CF-011E7F5184F5}.Release|x64.ActiveCfg = Release|x64
		{0002670D-82FB-4EAB-B1CF-011E7F5184F5}.Release|x64.Build.0 = Release|x64
		{0002670D-82FB-4EAB-B1CF-011E7F5184F5}.Release|x86.ActiveCfg = Release|Win32
		{0002670D-82FB-4EAB-B1CF-011E7F5184F5}.Release|x86.Build.0 = Release|Win32
		{1005963C-A299-46AC-800F-FE9C5266E280}.Debug|x64.ActiveCfg = Debug|x64
		{1005963C-A299-46AC-800F-FE9C5266E280}.Debug|x64.Build.0 = Debug|x64
		{1005963C-A299-46AC-800F-FE9C5266E280}.Debug|x86.ActiveCfg = Debug|Win32
		{1005963C-A299-46AC-800F-FE9C5266E280}.Debug|x86.Build.0 = Debug|Win32
		{1005963C-A299-46AC-800F-FE9C5266E280}.Release|x64.ActiveCfg = Release|x64
		{1005963C-A299-46AC-800F-FE9C5266E280}.Release|x64.Build.0 = Release|x64
		{1005963C-A299-46AC-800F-FE9C5266E280}.Release|x86.ActiveCfg = Release|Win32
		{1005963C-A299-46AC-800F-FE9C5266E280}.Release|x86.Build.0 = Release|Win32
		{DB0AF23E-72EB-4296-A9C6-BB5E88386233}.Debug|x64.ActiveCfg = Debug|x64
		{DB0AF23E-72EB-4296-A9C6-BB5E88386233}.Debug|x64.Build.0 = Debug|x64
		{DB0AF23E-72EB-4296-A9C6-BB5E88386233}.Debug|x86.ActiveCfg = Debug|Win32
		{DB0AF23E-72EB-4296-A9C6-BB5E88386233}.Debug|x86.Build.0 = Debug|Win32
		{DB0AF23E-72EB-4296-A9C6-BB5E88386233}.Release|x64.ActiveCfg = Release|x64
		{DB0AF23E-72EB-4296-A9C6-BB5E88386233}.Release|x64.Build.0 = Release|x64
		{DB0AF23E-72EB-4296-A9C6-BB5E88386233}.Release|x86.ActiveCfg = Release|Win32
		{DB0AF23E-72EB-4296-A9C6-BB5E88386233}.Release|x86.Build.0 = Release|Win32
		{09398723-9CA6-4D2E-958D-AED860F85C29}.Debug|x64.ActiveCfg = Debug|x64
		{09398723-9CA6-4D2E-958D-AED860F85C29}.Debug|x64.Build.0 = Debug|x64
		{09398723-9CA6-4D2E-958D-AED860F85C29}.Debug|x86.ActiveCfg = Debug|Win32
		{09398723-9CA6-4D2E-958D-AED860F85C29}.Debug|x86.Build.0 = Debug|Win32
		{09398723-9CA6-4D2E-958D-AED860F85C29}.Release|x64.ActiveCfg = Release|x64
		{09398723-9CA6-4D2E-958D-AED860F85C29}.Release|x64.Build.0 = Release|x64
		{09398723-9CA6-4D2E-958D-AED860F85C29}.Release|x86.ActiveCfg = Release|Win32
		{09398723-9CA6-4D2E-958D-AED860F85C29}.Release|x86.Build.0 = Release|Win32
		{10B7F741-A79F-467F-A406-46DAD4C79823}.Debug|x64.ActiveCfg = Debug|x64
		{10B7F741-A79F-467F-A406-46DAD4C79823}.Debug|x64.Build.0 = Debug|x64
		{10B7F741-A79F-467F-A406-46DAD4C79823}.Debug|x86.ActiveCfg = Debug|Win32
		{10B7F741-A79F-467F-A406-46DAD4C79823}.Debug|x86.Build.0 = Debug|Win32
		{10B7F741-A79F-467F-A406-46DAD4C79823}.Release|x64.ActiveCfg = Release|x64
		{10B7F741-A79F-467F-A406-46DAD4C79823}.Release|x64.Build.0 = Release|x64
		{10B7F741-A79F-467F-A406-46DAD4C79823}.Release|x86.ActiveCfg = Release|Win32
		{10B7F741-A79F-467F-A406-46DAD4C79823}.Release|x86.Build.0 = Release|Win32
		{C24829AD-36C6-473B-A84E-46E725B2BA0C}.Debug|x64.ActiveCfg = Debug|x64
		{C24829AD-36C6-473B-A84E-46E725B2BA0C}.Debug|x64.Build.0 = Debug|x64
		{C24829AD-36C6-473B-A84E-46E725B2BA0C}.Debug|x86.ActiveCfg = Debug|Win32
		{C24829AD-36C6-473B-A84E-46E725B2BA0C}.Debug|x86.Build.0 = Debug|Win32
		{C24829AD-36C6-473B-A84E-46E725B2BA0C}.Release|x64.ActiveCfg = Release|x64
		{C24829AD-36C6-473B-A84E-46E725B2BA0C}.Release|x64.Build.0 = Release|x64
		{C24829AD-36C6-473B-A84E-46E725B2BA0C}.Release|x86.ActiveCfg = Release|Win32
		{C24829AD-36C6-473B-A84E-46E725B2BA0C}.Release|x86.Build.0 = Release|Win32
	EndGlobalSection
	GlobalSection(SolutionProperties) = preSolution
		HideSolutionNode = FALSE
	EndGlobalSection
	GlobalSection(ExtensibilityGlobals) = postSolution
		SolutionGuid = {2ECBA985-5837-47EE-A5F6-416E0CAC5AAC}
	EndGlobalSection
EndGlobal
